{
  "pins" : [
    {
      "identity" : "swiftclient",
      "kind" : "remoteSourceControl",
      "location" : "https://github.com/TelemetryDeck/SwiftClient",
      "state" : {
        "branch" : "main",
        "revision" : "3c38ccd09b6b4eaa76bb8c5490ecf587ad86c6c7"
      }
    }
  ],
  "version" : 2
}
